
Microsoft Visual Studio Solution File, Format Version 12.00
# Visual Studio Version 17
VisualStudioVersion = 17.4.33403.182
MinimumVisualStudioVersion = 10.0.40219.1
Project("{FAE04EC0-301F-11D3-BF4B-00C04F79EFBC}") = "المخزن", "المخزن\المخزن.csproj", "{9F49C6FB-6E11-4FA4-AA5C-DE8ED1175DFA}"
EndProject
Global
	GlobalSection(SolutionConfigurationPlatforms) = preSolution
		Debug|Any CPU = Debug|Any CPU
		Release|Any CPU = Release|Any CPU
	EndGlobalSection
	GlobalSection(ProjectConfigurationPlatforms) = postSolution
		{9F49C6FB-6E11-4FA4-AA5C-DE8ED1175DFA}.Debug|Any CPU.ActiveCfg = Debug|Any CPU
		{9F49C6FB-6E11-4FA4-AA5C-DE8ED1175DFA}.Debug|Any CPU.Build.0 = Debug|Any CPU
		{9F49C6FB-6E11-4FA4-AA5C-DE8ED1175DFA}.Release|Any CPU.ActiveCfg = Release|Any CPU
		{9F49C6FB-6E11-4FA4-AA5C-DE8ED1175DFA}.Release|Any CPU.Build.0 = Release|Any CPU
	EndGlobalSection
	GlobalSection(SolutionProperties) = preSolution
		HideSolutionNode = FALSE
	EndGlobalSection
	GlobalSection(ExtensibilityGlobals) = postSolution
		SolutionGuid = {2E87796A-D761-4AB5-A239-0ACB56A00C2F}
	EndGlobalSection
EndGlobal
